
Microsoft Visual Studio Solution File, Format Version 12.00
# Visual Studio 15
VisualStudioVersion = 15.0.28010.2026
MinimumVisualStudioVersion = 10.0.40219.1
Project("{8BC9CEB8-8B4A-11D0-8D11-00A0C91BC942}") = "Record", "Record\Record.vcxproj", "{5308C7F2-F77C-4850-8AAC-4C373CBB71AC}"
EndProject
Global
	GlobalSection(SolutionConfigurationPlatforms) = preSolution
		Debug|x64 = Debug|x64
		Debug|x86 = Debug|x86
		Release|x64 = Release|x64
		Release|x86 = Release|x86
	EndGlobalSection
	GlobalSection(ProjectConfigurationPlatforms) = postSolution
		{5308C7F2-F77C-4850-8AAC-4C373CBB71AC}.Debug|x64.ActiveCfg = Debug|x64
		{5308C7F2-F77C-4850-8AAC-4C373CBB71AC}.Debug|x64.Build.0 = Debug|x64
		{5308C7F2-F77C-4850-8AAC-4C373CBB71AC}.Debug|x86.ActiveCfg = Debug|Win32
		{5308C7F2-F77C-4850-8AAC-4C373CBB71AC}.Debug|x86.Build.0 = Debug|Win32
		{5308C7F2-F77C-4850-8AAC-4C373CBB71AC}.Release|x64.ActiveCfg = Release|x64
		{5308C7F2-F77C-4850-8AAC-4C373CBB71AC}.Release|x64.Build.0 = Release|x64
		{5308C7F2-F77C-4850-8AAC-4C373CBB71AC}.Release|x86.ActiveCfg = Release|Win32
		{5308C7F2-F77C-4850-8AAC-4C373CBB71AC}.Release|x86.Build.0 = Release|Win32
	EndGlobalSection
	GlobalSection(SolutionProperties) = preSolution
		HideSolutionNode = FALSE
	EndGlobalSection
	GlobalSection(ExtensibilityGlobals) = postSolution
		SolutionGuid = {3DB3F23B-7404-4F98-B746-751541EA5A41}
	EndGlobalSection
EndGlobal
